// !$*UTF8*$!
{
	archiveVersion = 1;
	classes = {
	};
	objectVersion = 50;
	objects = {

/* Begin PBXBuildFile section */
		C36300962699C4D50031E34A /* BookwarmApp.swift in Sources */ = {isa = PBXBuildFile; fileRef = C36300952699C4D50031E34A /* BookwarmApp.swift */; };
		C36300982699C4D50031E34A /* ContentView.swift in Sources */ = {isa = PBXBuildFile; fileRef = C36300972699C4D50031E34A /* ContentView.swift */; };
		C363009A2699C4D80031E34A /* Assets.xcassets in Resources */ = {isa = PBXBuildFile; fileRef = C36300992699C4D80031E34A /* Assets.xcassets */; };
		C363009D2699C4D80031E34A /* Preview Assets.xcassets in Resources */ = {isa = PBXBuildFile; fileRef = C363009C2699C4D80031E34A /* Preview Assets.xcassets */; };
		C363009F2699C4D80031E34A /* Persistence.swift in Sources */ = {isa = PBXBuildFile; fileRef = C363009E2699C4D80031E34A /* Persistence.swift */; };
		C36300A22699C4D80031E34A /* Bookwarm.xcdatamodeld in Sources */ = {isa = PBXBuildFile; fileRef = C36300A02699C4D80031E34A /* Bookwarm.xcdatamodeld */; };
		C36300AB2699C5910031E34A /* Books+CoreDataClass.swift in Sources */ = {isa = PBXBuildFile; fileRef = C36300A92699C5910031E34A /* Books+CoreDataClass.swift */; };
		C36300AC2699C5910031E34A /* Books+CoreDataProperties.swift in Sources */ = {isa = PBXBuildFile; fileRef = C36300AA2699C5910031E34A /* Books+CoreDataProperties.swift */; };
		C36300B12699CACF0031E34A /* SheetView.swift in Sources */ = {isa = PBXBuildFile; fileRef = C36300B02699CACF0031E34A /* SheetView.swift */; };
		C36300B32699CC5D0031E34A /* Constant.swift in Sources */ = {isa = PBXBuildFile; fileRef = C36300B22699CC5D0031E34A /* Constant.swift */; };
		C36300B5269AF1AF0031E34A /* DetailedView.swift in Sources */ = {isa = PBXBuildFile; fileRef = C36300B4269AF1AF0031E34A /* DetailedView.swift */; };
/* End PBXBuildFile section */

/* Begin PBXFileReference section */
		C36300922699C4D50031E34A /* Bookwarm.app */ = {isa = PBXFileReference; explicitFileType = wrapper.application; includeInIndex = 0; path = Bookwarm.app; sourceTree = BUILT_PRODUCTS_DIR; };
		C36300952699C4D50031E34A /* BookwarmApp.swift */ = {isa = PBXFileReference; lastKnownFileType = sourcecode.swift; path = BookwarmApp.swift; sourceTree = "<group>"; };
		C36300972699C4D50031E34A /* ContentView.swift */ = {isa = PBXFileReference; lastKnownFileType = sourcecode.swift; path = ContentView.swift; sourceTree = "<group>"; };
		C36300992699C4D80031E34A /* Assets.xcassets */ = {isa = PBXFileReference; lastKnownFileType = folder.assetcatalog; path = Assets.xcassets; sourceTree = "<group>"; };
		C363009C2699C4D80031E34A /* Preview Assets.xcassets */ = {isa = PBXFileReference; lastKnownFileType = folder.assetcatalog; path = "Preview Assets.xcassets"; sourceTree = "<group>"; };
		C363009E2699C4D80031E34A /* Persistence.swift */ = {isa = PBXFileReference; lastKnownFileType = sourcecode.swift; path = Persistence.swift; sourceTree = "<group>"; };
		C36300A12699C4D80031E34A /* Bookwarm.xcdatamodel */ = {isa = PBXFileReference; lastKnownFileType = wrapper.xcdatamodel; path = Bookwarm.xcdatamodel; sourceTree = "<group>"; };
		C36300A32699C4D80031E34A /* Info.plist */ = {isa = PBXFileReference; lastKnownFileType = text.plist.xml; path = Info.plist; sourceTree = "<group>"; };
		C36300A92699C5910031E34A /* Books+CoreDataClass.swift */ = {isa = PBXFileReference; lastKnownFileType = sourcecode.swift; path = "Books+CoreDataClass.swift"; sourceTree = "<group>"; };
		C36300AA2699C5910031E34A /* Books+CoreDataProperties.swift */ = {isa = PBXFileReference; lastKnownFileType = sourcecode.swift; path = "Books+CoreDataProperties.swift"; sourceTree = "<group>"; };
		C36300B02699CACF0031E34A /* SheetView.swift */ = {isa = PBXFileReference; lastKnownFileType = sourcecode.swift; path = SheetView.swift; sourceTree = "<group>"; };
		C36300B22699CC5D0031E34A /* Constant.swift */ = {isa = PBXFileReference; lastKnownFileType = sourcecode.swift; path = Constant.swift; sourceTree = "<group>"; };
		C36300B4269AF1AF0031E34A /* DetailedView.swift */ = {isa = PBXFileReference; lastKnownFileType = sourcecode.swift; path = DetailedView.swift; sourceTree = "<group>"; };
/* End PBXFileReference section */

/* Begin PBXFrameworksBuildPhase section */
		C363008F2699C4D50031E34A /* Frameworks */ = {
			isa = PBXFrameworksBuildPhase;
			buildActionMask = 2147483647;
			files = (
			);
			runOnlyForDeploymentPostprocessing = 0;
		};
/* End PBXFrameworksBuildPhase section */

/* Begin PBXGroup section */
		C36300892699C4D50031E34A = {
			isa = PBXGroup;
			children = (
				C36300942699C4D50031E34A /* Bookwarm */,
				C36300932699C4D50031E34A /* Products */,
			);
			sourceTree = "<group>";
		};
		C36300932699C4D50031E34A /* Products */ = {
			isa = PBXGroup;
			children = (
				C36300922699C4D50031E34A /* Bookwarm.app */,
			);
			name = Products;
			sourceTree = "<group>";
		};
		C36300942699C4D50031E34A /* Bookwarm */ = {
			isa = PBXGroup;
			children = (
				C36300AD2699C59F0031E34A /* Models */,
				C36300952699C4D50031E34A /* BookwarmApp.swift */,
				C36300972699C4D50031E34A /* ContentView.swift */,
				C36300992699C4D80031E34A /* Assets.xcassets */,
				C363009E2699C4D80031E34A /* Persistence.swift */,
				C36300A32699C4D80031E34A /* Info.plist */,
				C36300A02699C4D80031E34A /* Bookwarm.xcdatamodeld */,
				C363009B2699C4D80031E34A /* Preview Content */,
				C36300B02699CACF0031E34A /* SheetView.swift */,
				C36300B22699CC5D0031E34A /* Constant.swift */,
				C36300B4269AF1AF0031E34A /* DetailedView.swift */,
			);
			path = Bookwarm;
			sourceTree = "<group>";
		};
		C363009B2699C4D80031E34A /* Preview Content */ = {
			isa = PBXGroup;
			children = (
				C363009C2699C4D80031E34A /* Preview Assets.xcassets */,
			);
			path = "Preview Content";
			sourceTree = "<group>";
		};
		C36300AD2699C59F0031E34A /* Models */ = {
			isa = PBXGroup;
			children = (
				C36300A92699C5910031E34A /* Books+CoreDataClass.swift */,
				C36300AA2699C5910031E34A /* Books+CoreDataProperties.swift */,
			);
			path = Models;
			sourceTree = "<group>";
		};
/* End PBXGroup section */

/* Begin PBXNativeTarget section */
		C36300912699C4D50031E34A /* Bookwarm */ = {
			isa = PBXNativeTarget;
			buildConfigurationList = C36300A62699C4D80031E34A /* Build configuration list for PBXNativeTarget "Bookwarm" */;
			buildPhases = (
				C363008E2699C4D50031E34A /* Sources */,
				C363008F2699C4D50031E34A /* Frameworks */,
				C36300902699C4D50031E34A /* Resources */,
			);
			buildRules = (
			);
			dependencies = (
			);
			name = Bookwarm;
			productName = Bookwarm;
			productReference = C36300922699C4D50031E34A /* Bookwarm.app */;
			productType = "com.apple.product-type.application";
		};
/* End PBXNativeTarget section */

/* Begin PBXProject section */
		C363008A2699C4D50031E34A /* Project object */ = {
			isa = PBXProject;
			attributes = {
				LastSwiftUpdateCheck = 1250;
				LastUpgradeCheck = 1250;
				TargetAttributes = {
					C36300912699C4D50031E34A = {
						CreatedOnToolsVersion = 12.5.1;
					};
				};
			};
			buildConfigurationList = C363008D2699C4D50031E34A /* Build configuration list for PBXProject "Bookwarm" */;
			compatibilityVersion = "Xcode 9.3";
			developmentRegion = en;
			hasScannedForEncodings = 0;
			knownRegions = (
				en,
				Base,
			);
			mainGroup = C36300892699C4D50031E34A;
			productRefGroup = C36300932699C4D50031E34A /* Products */;
			projectDirPath = "";
			projectRoot = "";
			targets = (
				C36300912699C4D50031E34A /* Bookwarm */,
			);
		};
/* End PBXProject section */

/* Begin PBXResourcesBuildPhase section */
		C36300902699C4D50031E34A /* Resources */ = {
			isa = PBXResourcesBuildPhase;
			buildActionMask = 2147483647;
			files = (
				C363009D2699C4D80031E34A /* Preview Assets.xcassets in Resources */,
				C363009A2699C4D80031E34A /* Assets.xcassets in Resources */,
			);
			runOnlyForDeploymentPostprocessing = 0;
		};
/* End PBXResourcesBuildPhase section */

/* Begin PBXSourcesBuildPhase section */
		C363008E2699C4D50031E34A /* Sources */ = {
			isa = PBXSourcesBuildPhase;
			buildActionMask = 2147483647;
			files = (
				C36300AC2699C5910031E34A /* Books+CoreDataProperties.swift in Sources */,
				C36300B5269AF1AF0031E34A /* DetailedView.swift in Sources */,
				C36300B32699CC5D0031E34A /* Constant.swift in Sources */,
				C363009F2699C4D80031E34A /* Persistence.swift in Sources */,
				C36300982699C4D50031E34A /* ContentView.swift in Sources */,
				C36300AB2699C5910031E34A /* Books+CoreDataClass.swift in Sources */,
				C36300962699C4D50031E34A /* BookwarmApp.swift in Sources */,
				C36300B12699CACF0031E34A /* SheetView.swift in Sources */,
				C36300A22699C4D80031E34A /* Bookwarm.xcdatamodeld in Sources */,
			);
			runOnlyForDeploymentPostprocessing = 0;
		};
/* End PBXSourcesBuildPhase section */

/* Begin XCBuildConfiguration section */
		C36300A42699C4D80031E34A /* Debug */ = {
			isa = XCBuildConfiguration;
			buildSettings = {
				ALWAYS_SEARCH_USER_PATHS = NO;
				CLANG_ANALYZER_NONNULL = YES;
				CLANG_ANALYZER_NUMBER_OBJECT_CONVERSION = YES_AGGRESSIVE;
				CLANG_CXX_LANGUAGE_STANDARD = "gnu++14";
				CLANG_CXX_LIBRARY = "libc++";
				CLANG_ENABLE_MODULES = YES;
				CLANG_ENABLE_OBJC_ARC = YES;
				CLANG_ENABLE_OBJC_WEAK = YES;
				CLANG_WARN_BLOCK_CAPTURE_AUTORELEASING = YES;
				CLANG_WARN_BOOL_CONVERSION = YES;
				CLANG_WARN_COMMA = YES;
				CLANG_WARN_CONSTANT_CONVERSION = YES;
				CLANG_WARN_DEPRECATED_OBJC_IMPLEMENTATIONS = YES;
				CLANG_WARN_DIRECT_OBJC_ISA_USAGE = YES_ERROR;
				CLANG_WARN_DOCUMENTATION_COMMENTS = YES;
				CLANG_WARN_EMPTY_BODY = YES;
				CLANG_WARN_ENUM_CONVERSION = YES;
				CLANG_WARN_INFINITE_RECURSION = YES;
				CLANG_WARN_INT_CONVERSION = YES;
				CLANG_WARN_NON_LITERAL_NULL_CONVERSION = YES;
				CLANG_WARN_OBJC_IMPLICIT_RETAIN_SELF = YES;
				CLANG_WARN_OBJC_LITERAL_CONVERSION = YES;
				CLANG_WARN_OBJC_ROOT_CLASS = YES_ERROR;
				CLANG_WARN_QUOTED_INCLUDE_IN_FRAMEWORK_HEADER = YES;
				CLANG_WARN_RANGE_LOOP_ANALYSIS = YES;
				CLANG_WARN_STRICT_PROTOTYPES = YES;
				CLANG_WARN_SUSPICIOUS_MOVE = YES;
				CLANG_WARN_UNGUARDED_AVAILABILITY = YES_AGGRESSIVE;
				CLANG_WARN_UNREACHABLE_CODE = YES;
				CLANG_WARN__DUPLICATE_METHOD_MATCH = YES;
				COPY_PHASE_STRIP = NO;
				DEBUG_INFORMATION_FORMAT = dwarf;
				ENABLE_STRICT_OBJC_MSGSEND = YES;
				ENABLE_TESTABILITY = YES;
				GCC_C_LANGUAGE_STANDARD = gnu11;
				GCC_DYNAMIC_NO_PIC = NO;
				GCC_NO_COMMON_BLOCKS = YES;
				GCC_OPTIMIZATION_LEVEL = 0;
				GCC_PREPROCESSOR_DEFINITIONS = (
					"DEBUG=1",
					"$(inherited)",
				);
				GCC_WARN_64_TO_32_BIT_CONVERSION = YES;
				GCC_WARN_ABOUT_RETURN_TYPE = YES_ERROR;
				GCC_WARN_UNDECLARED_SELECTOR = YES;
				GCC_WARN_UNINITIALIZED_AUTOS = YES_AGGRESSIVE;
				GCC_WARN_UNUSED_FUNCTION = YES;
				GCC_WARN_UNUSED_VARIABLE = YES;
				IPHONEOS_DEPLOYMENT_TARGET = 14.5;
				MTL_ENABLE_DEBUG_INFO = INCLUDE_SOURCE;
				MTL_FAST_MATH = YES;
				ONLY_ACTIVE_ARCH = YES;
				SDKROOT = iphoneos;
				SWIFT_ACTIVE_COMPILATION_CONDITIONS = DEBUG;
				SWIFT_OPTIMIZATION_LEVEL = "-Onone";
			};
			name = Debug;
		};
		C36300A52699C4D80031E34A /* Release */ = {
			isa = XCBuildConfiguration;
			buildSettings = {
				ALWAYS_SEARCH_USER_PATHS = NO;
				CLANG_ANALYZER_NONNULL = YES;
				CLANG_ANALYZER_NUMBER_OBJECT_CONVERSION = YES_AGGRESSIVE;
				CLANG_CXX_LANGUAGE_STANDARD = "gnu++14";
				CLANG_CXX_LIBRARY = "libc++";
				CLANG_ENABLE_MODULES = YES;
				CLANG_ENABLE_OBJC_ARC = YES;
				CLANG_ENABLE_OBJC_WEAK = YES;
				CLANG_WARN_BLOCK_CAPTURE_AUTORELEASING = YES;
				CLANG_WARN_BOOL_CONVERSION = YES;
				CLANG_WARN_COMMA = YES;
				CLANG_WARN_CONSTANT_CONVERSION = YES;
				CLANG_WARN_DEPRECATED_OBJC_IMPLEMENTATIONS = YES;
				CLANG_WARN_DIRECT_OBJC_ISA_USAGE = YES_ERROR;
				CLANG_WARN_DOCUMENTATION_COMMENTS = YES;
				CLANG_WARN_EMPTY_BODY = YES;
				CLANG_WARN_ENUM_CONVERSION = YES;
				CLANG_WARN_INFINITE_RECURSION = YES;
				CLANG_WARN_INT_CONVERSION = YES;
				CLANG_WARN_NON_LITERAL_NULL_CONVERSION = YES;
				CLANG_WARN_OBJC_IMPLICIT_RETAIN_SELF = YES;
				CLANG_WARN_OBJC_LITERAL_CONVERSION = YES;
				CLANG_WARN_OBJC_ROOT_CLASS = YES_ERROR;
				CLANG_WARN_QUOTED_INCLUDE_IN_FRAMEWORK_HEADER = YES;
				CLANG_WARN_RANGE_LOOP_ANALYSIS = YES;
				CLANG_WARN_STRICT_PROTOTYPES = YES;
				CLANG_WARN_SUSPICIOUS_MOVE = YES;
				CLANG_WARN_UNGUARDED_AVAILABILITY = YES_AGGRESSIVE;
				CLANG_WARN_UNREACHABLE_CODE = YES;
				CLANG_WARN__DUPLICATE_METHOD_MATCH = YES;
				COPY_PHASE_STRIP = NO;
				DEBUG_INFORMATION_FORMAT = "dwarf-with-dsym";
				ENABLE_NS_ASSERTIONS = NO;
				ENABLE_STRICT_OBJC_MSGSEND = YES;
				GCC_C_LANGUAGE_STANDARD = gnu11;
				GCC_NO_COMMON_BLOCKS = YES;
				GCC_WARN_64_TO_32_BIT_CONVERSION = YES;
				GCC_WARN_ABOUT_RETURN_TYPE = YES_ERROR;
				GCC_WARN_UNDECLARED_SELECTOR = YES;
				GCC_WARN_UNINITIALIZED_AUTOS = YES_AGGRESSIVE;
				GCC_WARN_UNUSED_FUNCTION = YES;
				GCC_WARN_UNUSED_VARIABLE = YES;
				IPHONEOS_DEPLOYMENT_TARGET = 14.5;
				MTL_ENABLE_DEBUG_INFO = NO;
				MTL_FAST_MATH = YES;
				SDKROOT = iphoneos;
				SWIFT_COMPILATION_MODE = wholemodule;
				SWIFT_OPTIMIZATION_LEVEL = "-O";
				VALIDATE_PRODUCT = YES;
			};
			name = Release;
		};
		C36300A72699C4D80031E34A /* Debug */ = {
			isa = XCBuildConfiguration;
			buildSettings = {
				ASSETCATALOG_COMPILER_APPICON_NAME = AppIcon;
				ASSETCATALOG_COMPILER_GLOBAL_ACCENT_COLOR_NAME = AccentColor;
				CODE_SIGN_STYLE = Automatic;
				DEVELOPMENT_ASSET_PATHS = "\"Bookwarm/Preview Content\"";
				DEVELOPMENT_TEAM = 3YJVR727HT;
				ENABLE_PREVIEWS = YES;
				INFOPLIST_FILE = Bookwarm/Info.plist;
				IPHONEOS_DEPLOYMENT_TARGET = 14.0;
				LD_RUNPATH_SEARCH_PATHS = (
					"$(inherited)",
					"@executable_path/Frameworks",
				);
				PRODUCT_BUNDLE_IDENTIFIER = Aniruddha200.Bookwarm;
				PRODUCT_NAME = "$(TARGET_NAME)";
				SWIFT_VERSION = 5.0;
				TARGETED_DEVICE_FAMILY = "1,2";
			};
			name = Debug;
		};
		C36300A82699C4D80031E34A /* Release */ = {
			isa = XCBuildConfiguration;
			buildSettings = {
				ASSETCATALOG_COMPILER_APPICON_NAME = AppIcon;
				ASSETCATALOG_COMPILER_GLOBAL_ACCENT_COLOR_NAME = AccentColor;
				CODE_SIGN_STYLE = Automatic;
				DEVELOPMENT_ASSET_PATHS = "\"Bookwarm/Preview Content\"";
				DEVELOPMENT_TEAM = 3YJVR727HT;
				ENABLE_PREVIEWS = YES;
				INFOPLIST_FILE = Bookwarm/Info.plist;
				IPHONEOS_DEPLOYMENT_TARGET = 14.0;
				LD_RUNPATH_SEARCH_PATHS = (
					"$(inherited)",
					"@executable_path/Frameworks",
				);
				PRODUCT_BUNDLE_IDENTIFIER = Aniruddha200.Bookwarm;
				PRODUCT_NAME = "$(TARGET_NAME)";
				SWIFT_VERSION = 5.0;
				TARGETED_DEVICE_FAMILY = "1,2";
			};
			name = Release;
		};
/* End XCBuildConfiguration section */

/* Begin XCConfigurationList section */
		C363008D2699C4D50031E34A /* Build configuration list for PBXProject "Bookwarm" */ = {
			isa = XCConfigurationList;
			buildConfigurations = (
				C36300A42699C4D80031E34A /* Debug */,
				C36300A52699C4D80031E34A /* Release */,
			);
			defaultConfigurationIsVisible = 0;
			defaultConfigurationName = Release;
		};
		C36300A62699C4D80031E34A /* Build configuration list for PBXNativeTarget "Bookwarm" */ = {
			isa = XCConfigurationList;
			buildConfigurations = (
				C36300A72699C4D80031E34A /* Debug */,
				C36300A82699C4D80031E34A /* Release */,
			);
			defaultConfigurationIsVisible = 0;
			defaultConfigurationName = Release;
		};
/* End XCConfigurationList section */

/* Begin XCVersionGroup section */
		C36300A02699C4D80031E34A /* Bookwarm.xcdatamodeld */ = {
			isa = XCVersionGroup;
			children = (
				C36300A12699C4D80031E34A /* Bookwarm.xcdatamodel */,
			);
			currentVersion = C36300A12699C4D80031E34A /* Bookwarm.xcdatamodel */;
			path = Bookwarm.xcdatamodeld;
			sourceTree = "<group>";
			versionGroupType = wrapper.xcdatamodel;
		};
/* End XCVersionGroup section */
	};
	rootObject = C363008A2699C4D50031E34A /* Project object */;
}
